
Microsoft Visual Studio Solution File, Format Version 12.00
# Visual Studio 14
VisualStudioVersion = 14.0.24720.0
MinimumVisualStudioVersion = 10.0.40219.1
Project("{2150E333-8FDC-42A3-9474-1A3956D46DE8}") = "Engine", "Engine", "{B2F0CB27-3DC9-418D-8FD4-0903A5A54C57}"
EndProject
Project("{2150E333-8FDC-42A3-9474-1A3956D46DE8}") = "Games", "Games", "{1905A000-C3F5-444B-8A4E-BEED341B4CD7}"
EndProject
Project("{8BC9CEB8-8B4A-11D0-8D11-00A0C91BC942}") = "UE4", "Intermediate\ProjectFiles\UE4.vcxproj", "{958E0042-C0B0-42AF-AE64-61EC9CA7DD8F}"
EndProject
Project("{8BC9CEB8-8B4A-11D0-8D11-00A0C91BC942}") = "G3112_410", "Intermediate\ProjectFiles\G3112_410.vcxproj", "{CB403947-7010-4261-9753-422DA20D6BEA}"
EndProject
Global
	GlobalSection(SolutionConfigurationPlatforms) = preSolution
		DebugGame Editor|Win32 = DebugGame Editor|Win32
		DebugGame Editor|Win64 = DebugGame Editor|Win64
		DebugGame|Win32 = DebugGame|Win32
		DebugGame|Win64 = DebugGame|Win64
		Development Editor|Win32 = Development Editor|Win32
		Development Editor|Win64 = Development Editor|Win64
		Development|Win32 = Development|Win32
		Development|Win64 = Development|Win64
		Shipping|Win32 = Shipping|Win32
		Shipping|Win64 = Shipping|Win64
	EndGlobalSection
	GlobalSection(ProjectConfigurationPlatforms) = postSolution
		{958E0042-C0B0-42AF-AE64-61EC9CA7DD8F}.DebugGame Editor|Win32.ActiveCfg = BuiltWithUnrealBuildTool|Win32
		{958E0042-C0B0-42AF-AE64-61EC9CA7DD8F}.DebugGame Editor|Win32.Build.0 = BuiltWithUnrealBuildTool|Win32
		{958E0042-C0B0-42AF-AE64-61EC9CA7DD8F}.DebugGame Editor|Win64.ActiveCfg = BuiltWithUnrealBuildTool|Win32
		{958E0042-C0B0-42AF-AE64-61EC9CA7DD8F}.DebugGame Editor|Win64.Build.0 = BuiltWithUnrealBuildTool|Win32
		{958E0042-C0B0-42AF-AE64-61EC9CA7DD8F}.DebugGame|Win32.ActiveCfg = BuiltWithUnrealBuildTool|Win32
		{958E0042-C0B0-42AF-AE64-61EC9CA7DD8F}.DebugGame|Win32.Build.0 = BuiltWithUnrealBuildTool|Win32
		{958E0042-C0B0-42AF-AE64-61EC9CA7DD8F}.DebugGame|Win64.ActiveCfg = BuiltWithUnrealBuildTool|Win32
		{958E0042-C0B0-42AF-AE64-61EC9CA7DD8F}.DebugGame|Win64.Build.0 = BuiltWithUnrealBuildTool|Win32
		{958E0042-C0B0-42AF-AE64-61EC9CA7DD8F}.Development Editor|Win32.ActiveCfg = BuiltWithUnrealBuildTool|Win32
		{958E0042-C0B0-42AF-AE64-61EC9CA7DD8F}.Development Editor|Win32.Build.0 = BuiltWithUnrealBuildTool|Win32
		{958E0042-C0B0-42AF-AE64-61EC9CA7DD8F}.Development Editor|Win64.ActiveCfg = BuiltWithUnrealBuildTool|Win32
		{958E0042-C0B0-42AF-AE64-61EC9CA7DD8F}.Development Editor|Win64.Build.0 = BuiltWithUnrealBuildTool|Win32
		{958E0042-C0B0-42AF-AE64-61EC9CA7DD8F}.Development|Win32.ActiveCfg = BuiltWithUnrealBuildTool|Win32
		{958E0042-C0B0-42AF-AE64-61EC9CA7DD8F}.Development|Win32.Build.0 = BuiltWithUnrealBuildTool|Win32
		{958E0042-C0B0-42AF-AE64-61EC9CA7DD8F}.Development|Win64.ActiveCfg = BuiltWithUnrealBuildTool|Win32
		{958E0042-C0B0-42AF-AE64-61EC9CA7DD8F}.Development|Win64.Build.0 = BuiltWithUnrealBuildTool|Win32
		{958E0042-C0B0-42AF-AE64-61EC9CA7DD8F}.Shipping|Win32.ActiveCfg = BuiltWithUnrealBuildTool|Win32
		{958E0042-C0B0-42AF-AE64-61EC9CA7DD8F}.Shipping|Win32.Build.0 = BuiltWithUnrealBuildTool|Win32
		{958E0042-C0B0-42AF-AE64-61EC9CA7DD8F}.Shipping|Win64.ActiveCfg = BuiltWithUnrealBuildTool|Win32
		{958E0042-C0B0-42AF-AE64-61EC9CA7DD8F}.Shipping|Win64.Build.0 = BuiltWithUnrealBuildTool|Win32
		{CB403947-7010-4261-9753-422DA20D6BEA}.DebugGame Editor|Win32.ActiveCfg = DebugGame_Editor|Win32
		{CB403947-7010-4261-9753-422DA20D6BEA}.DebugGame Editor|Win32.Build.0 = DebugGame_Editor|Win32
		{CB403947-7010-4261-9753-422DA20D6BEA}.DebugGame Editor|Win64.ActiveCfg = DebugGame_Editor|x64
		{CB403947-7010-4261-9753-422DA20D6BEA}.DebugGame Editor|Win64.Build.0 = DebugGame_Editor|x64
		{CB403947-7010-4261-9753-422DA20D6BEA}.DebugGame|Win32.ActiveCfg = DebugGame_Game|Win32
		{CB403947-7010-4261-9753-422DA20D6BEA}.DebugGame|Win32.Build.0 = DebugGame_Game|Win32
		{CB403947-7010-4261-9753-422DA20D6BEA}.DebugGame|Win64.ActiveCfg = DebugGame_Game|x64
		{CB403947-7010-4261-9753-422DA20D6BEA}.DebugGame|Win64.Build.0 = DebugGame_Game|x64
		{CB403947-7010-4261-9753-422DA20D6BEA}.Development Editor|Win32.ActiveCfg = Development_Editor|Win32
		{CB403947-7010-4261-9753-422DA20D6BEA}.Development Editor|Win32.Build.0 = Development_Editor|Win32
		{CB403947-7010-4261-9753-422DA20D6BEA}.Development Editor|Win64.ActiveCfg = Development_Editor|x64
		{CB403947-7010-4261-9753-422DA20D6BEA}.Development Editor|Win64.Build.0 = Development_Editor|x64
		{CB403947-7010-4261-9753-422DA20D6BEA}.Development|Win32.ActiveCfg = Development_Game|Win32
		{CB403947-7010-4261-9753-422DA20D6BEA}.Development|Win32.Build.0 = Development_Game|Win32
		{CB403947-7010-4261-9753-422DA20D6BEA}.Development|Win64.ActiveCfg = Development_Game|x64
		{CB403947-7010-4261-9753-422DA20D6BEA}.Development|Win64.Build.0 = Development_Game|x64
		{CB403947-7010-4261-9753-422DA20D6BEA}.Shipping|Win32.ActiveCfg = Shipping_Game|Win32
		{CB403947-7010-4261-9753-422DA20D6BEA}.Shipping|Win32.Build.0 = Shipping_Game|Win32
		{CB403947-7010-4261-9753-422DA20D6BEA}.Shipping|Win64.ActiveCfg = Shipping_Game|x64
		{CB403947-7010-4261-9753-422DA20D6BEA}.Shipping|Win64.Build.0 = Shipping_Game|x64
	EndGlobalSection
	GlobalSection(SolutionProperties) = preSolution
		HideSolutionNode = FALSE
	EndGlobalSection
	GlobalSection(NestedProjects) = preSolution
		{958E0042-C0B0-42AF-AE64-61EC9CA7DD8F} = {B2F0CB27-3DC9-418D-8FD4-0903A5A54C57}
		{CB403947-7010-4261-9753-422DA20D6BEA} = {1905A000-C3F5-444B-8A4E-BEED341B4CD7}
	EndGlobalSection
EndGlobal
